
Microsoft Visual Studio Solution File, Format Version 12.00
# Visual Studio Version 17
VisualStudioVersion = 17.5.002.0
MinimumVisualStudioVersion = 10.0.40219.1
Project("{FAE04EC0-301F-11D3-BF4B-00C04F79EFBC}") = "RunlengthEncoding.Tests", "RunlengthEncoding.Tests\RunlengthEncoding.Tests.csproj", "{6360B364-DF3B-4F43-86B8-C00455888A35}"
EndProject
Project("{FAE04EC0-301F-11D3-BF4B-00C04F79EFBC}") = "RunlengthEncoding", "RunlengthEncoding\RunlengthEncoding.csproj", "{F719ADE8-23F1-4846-8134-ECBCC6943ADA}"
EndProject
Project("{FAE04EC0-301F-11D3-BF4B-00C04F79EFBC}") = "SubarraySumEquals.Tests", "SubarraySumEquals.Tests\SubarraySumEquals.Tests.csproj", "{331BE7E9-06D2-4430-9E58-60113CF1CD61}"
EndProject
Project("{FAE04EC0-301F-11D3-BF4B-00C04F79EFBC}") = "SubarraySumEquals", "SubarraySumEquals\SubarraySumEquals.csproj", "{F75AA967-91C1-4748-ADE1-F8E42555F59A}"
EndProject
Project("{FAE04EC0-301F-11D3-BF4B-00C04F79EFBC}") = "RotateList", "RotateList\RotateList.csproj", "{BE750A24-EB17-441C-8CD9-DD9EDC754E13}"
EndProject
Project("{FAE04EC0-301F-11D3-BF4B-00C04F79EFBC}") = "RotateList.Tests", "RotateList.Tests\RotateList.Tests.csproj", "{95469608-5FB0-43DF-A4FB-7C9FAB681100}"
EndProject
Project("{FAE04EC0-301F-11D3-BF4B-00C04F79EFBC}") = "ReverseInteger", "ReverseInteger\ReverseInteger.csproj", "{44BE950F-CD62-487B-A134-A4A67CCEA0EA}"
EndProject
Project("{FAE04EC0-301F-11D3-BF4B-00C04F79EFBC}") = "ReverseInteger.Tests", "ReverseInteger.Tests\ReverseInteger.Tests.csproj", "{32DB45AC-9A79-482D-82D9-97DD8317FBAB}"
EndProject
Project("{FAE04EC0-301F-11D3-BF4B-00C04F79EFBC}") = "PointInsidePolygon", "PointInsidePolygon\PointInsidePolygon.csproj", "{BC1CFA8A-71ED-43BD-82A6-19EB27101BCB}"
EndProject
Project("{FAE04EC0-301F-11D3-BF4B-00C04F79EFBC}") = "PointInsidePolygon.Tests", "PointInsidePolygon.Tests\PointInsidePolygon.Tests.csproj", "{A154D01D-2635-4851-B450-9A942846A348}"
EndProject
Global
	GlobalSection(SolutionConfigurationPlatforms) = preSolution
		Debug|Any CPU = Debug|Any CPU
		Release|Any CPU = Release|Any CPU
	EndGlobalSection
	GlobalSection(ProjectConfigurationPlatforms) = postSolution
		{6360B364-DF3B-4F43-86B8-C00455888A35}.Debug|Any CPU.ActiveCfg = Debug|Any CPU
		{6360B364-DF3B-4F43-86B8-C00455888A35}.Debug|Any CPU.Build.0 = Debug|Any CPU
		{6360B364-DF3B-4F43-86B8-C00455888A35}.Release|Any CPU.ActiveCfg = Release|Any CPU
		{6360B364-DF3B-4F43-86B8-C00455888A35}.Release|Any CPU.Build.0 = Release|Any CPU
		{F719ADE8-23F1-4846-8134-ECBCC6943ADA}.Debug|Any CPU.ActiveCfg = Debug|Any CPU
		{F719ADE8-23F1-4846-8134-ECBCC6943ADA}.Debug|Any CPU.Build.0 = Debug|Any CPU
		{F719ADE8-23F1-4846-8134-ECBCC6943ADA}.Release|Any CPU.ActiveCfg = Release|Any CPU
		{F719ADE8-23F1-4846-8134-ECBCC6943ADA}.Release|Any CPU.Build.0 = Release|Any CPU
		{331BE7E9-06D2-4430-9E58-60113CF1CD61}.Debug|Any CPU.ActiveCfg = Debug|Any CPU
		{331BE7E9-06D2-4430-9E58-60113CF1CD61}.Debug|Any CPU.Build.0 = Debug|Any CPU
		{331BE7E9-06D2-4430-9E58-60113CF1CD61}.Release|Any CPU.ActiveCfg = Release|Any CPU
		{331BE7E9-06D2-4430-9E58-60113CF1CD61}.Release|Any CPU.Build.0 = Release|Any CPU
		{F75AA967-91C1-4748-ADE1-F8E42555F59A}.Debug|Any CPU.ActiveCfg = Debug|Any CPU
		{F75AA967-91C1-4748-ADE1-F8E42555F59A}.Debug|Any CPU.Build.0 = Debug|Any CPU
		{F75AA967-91C1-4748-ADE1-F8E42555F59A}.Release|Any CPU.ActiveCfg = Release|Any CPU
		{F75AA967-91C1-4748-ADE1-F8E42555F59A}.Release|Any CPU.Build.0 = Release|Any CPU
		{BE750A24-EB17-441C-8CD9-DD9EDC754E13}.Debug|Any CPU.ActiveCfg = Debug|Any CPU
		{BE750A24-EB17-441C-8CD9-DD9EDC754E13}.Debug|Any CPU.Build.0 = Debug|Any CPU
		{BE750A24-EB17-441C-8CD9-DD9EDC754E13}.Release|Any CPU.ActiveCfg = Release|Any CPU
		{BE750A24-EB17-441C-8CD9-DD9EDC754E13}.Release|Any CPU.Build.0 = Release|Any CPU
		{95469608-5FB0-43DF-A4FB-7C9FAB681100}.Debug|Any CPU.ActiveCfg = Debug|Any CPU
		{95469608-5FB0-43DF-A4FB-7C9FAB681100}.Debug|Any CPU.Build.0 = Debug|Any CPU
		{95469608-5FB0-43DF-A4FB-7C9FAB681100}.Release|Any CPU.ActiveCfg = Release|Any CPU
		{95469608-5FB0-43DF-A4FB-7C9FAB681100}.Release|Any CPU.Build.0 = Release|Any CPU
		{44BE950F-CD62-487B-A134-A4A67CCEA0EA}.Debug|Any CPU.ActiveCfg = Debug|Any CPU
		{44BE950F-CD62-487B-A134-A4A67CCEA0EA}.Debug|Any CPU.Build.0 = Debug|Any CPU
		{44BE950F-CD62-487B-A134-A4A67CCEA0EA}.Release|Any CPU.ActiveCfg = Release|Any CPU
		{44BE950F-CD62-487B-A134-A4A67CCEA0EA}.Release|Any CPU.Build.0 = Release|Any CPU
		{32DB45AC-9A79-482D-82D9-97DD8317FBAB}.Debug|Any CPU.ActiveCfg = Debug|Any CPU
		{32DB45AC-9A79-482D-82D9-97DD8317FBAB}.Debug|Any CPU.Build.0 = Debug|Any CPU
		{32DB45AC-9A79-482D-82D9-97DD8317FBAB}.Release|Any CPU.ActiveCfg = Release|Any CPU
		{32DB45AC-9A79-482D-82D9-97DD8317FBAB}.Release|Any CPU.Build.0 = Release|Any CPU
		{BC1CFA8A-71ED-43BD-82A6-19EB27101BCB}.Debug|Any CPU.ActiveCfg = Debug|Any CPU
		{BC1CFA8A-71ED-43BD-82A6-19EB27101BCB}.Debug|Any CPU.Build.0 = Debug|Any CPU
		{BC1CFA8A-71ED-43BD-82A6-19EB27101BCB}.Release|Any CPU.ActiveCfg = Release|Any CPU
		{BC1CFA8A-71ED-43BD-82A6-19EB27101BCB}.Release|Any CPU.Build.0 = Release|Any CPU
		{A154D01D-2635-4851-B450-9A942846A348}.Debug|Any CPU.ActiveCfg = Debug|Any CPU
		{A154D01D-2635-4851-B450-9A942846A348}.Debug|Any CPU.Build.0 = Debug|Any CPU
		{A154D01D-2635-4851-B450-9A942846A348}.Release|Any CPU.ActiveCfg = Release|Any CPU
		{A154D01D-2635-4851-B450-9A942846A348}.Release|Any CPU.Build.0 = Release|Any CPU
	EndGlobalSection
	GlobalSection(SolutionProperties) = preSolution
		HideSolutionNode = FALSE
	EndGlobalSection
	GlobalSection(ExtensibilityGlobals) = postSolution
		SolutionGuid = {B2CB2984-A9AB-437B-B05F-ECCB80182741}
	EndGlobalSection
EndGlobal
